{"1.2.0",
[{<<"canister">>,{pkg,<<"canister">>,<<"0.1.1">>},1},
 {<<"cf">>,{pkg,<<"cf">>,<<"0.3.1">>},3},
 {<<"cowboy">>,{pkg,<<"cowboy">>,<<"2.10.0">>},0},
 {<<"cowlib">>,{pkg,<<"cowlib">>,<<"2.12.1">>},1},
 {<<"erlang_ds">>,{pkg,<<"erlang_ds">>,<<"0.4.1">>},1},
 {<<"erlware_commons">>,{pkg,<<"erlware_commons">>,<<"1.6.0">>},2},
 {<<"fs">>,{pkg,<<"fs">>,<<"6.1.1">>},1},
 {<<"meck">>,{pkg,<<"meck">>,<<"0.9.2">>},2},
 {<<"mutagen">>,{pkg,<<"mutagen">>,<<"0.1.0">>},2},
 {<<"nitro_cache">>,{pkg,<<"nitro_cache">>,<<"0.5.0">>},1},
 {<<"nitro_qrcode">>,{pkg,<<"nitro_qrcode">>,<<"1.1.0">>},1},
 {<<"nitrogen_core">>,{pkg,<<"nitrogen_core">>,<<"3.0.0-alpha.13">>},0},
 {<<"nprocreg">>,{pkg,<<"nprocreg">>,<<"0.3.0">>},1},
 {<<"qdate">>,{pkg,<<"qdate">>,<<"0.7.3">>},1},
 {<<"qdate_localtime">>,{pkg,<<"qdate_localtime">>,<<"1.2.1">>},2},
 {<<"ranch">>,{pkg,<<"ranch">>,<<"1.8.0">>},1},
 {<<"rebar3_dirs">>,{pkg,<<"rebar3_dirs">>,<<"0.1.0">>},2},
 {<<"rekt">>,{pkg,<<"rekt">>,<<"0.1.0">>},1},
 {<<"simple_bridge">>,{pkg,<<"simple_bridge">>,<<"2.3.1">>},1},
 {<<"sync">>,{pkg,<<"sync">>,<<"0.4.1">>},0}]}.
[
{pkg_hash,[
 {<<"canister">>, <<"FDEEF86275BC7CCF36C47D1DEF98599825FE6C794BE4B15DC40B2E2C15B3015A">>},
 {<<"cf">>, <<"5CB902239476E141EA70A740340233782D363A31EEA8AD37049561542E6CD641">>},
 {<<"cowboy">>, <<"FF9FFEFF91DAE4AE270DD975642997AFE2A1179D94B1887863E43F681A203E26">>},
 {<<"cowlib">>, <<"A9FA9A625F1D2025FE6B462CB865881329B5CAFF8F1854D1CBC9F9533F00E1E1">>},
 {<<"erlang_ds">>, <<"5181B1EB2D0483BBEA342C63855291F853EE85A66FC9BED9FD93A5BAEB1B8016">>},
 {<<"erlware_commons">>, <<"E0DA62F91E65DEFAE28BB450DDC3C24E85ECB99B926F857CDC6ED8E7DD7076B4">>},
 {<<"fs">>, <<"9D147B944D60CFA48A349F12D06C8EE71128F610C90870BDF9A6773206452ED0">>},
 {<<"meck">>, <<"85CCBAB053F1DB86C7CA240E9FC718170EE5BDA03810A6292B5306BF31BAE5F5">>},
 {<<"mutagen">>, <<"18EFF9F0E6C570F278ABFC6255D4674D0FD3F9A84D3749BE60F473F4124A9055">>},
 {<<"nitro_cache">>, <<"704E4893B4EB537342C561908BE8EB022E8AAABB16A914B702568F7958EC2945">>},
 {<<"nitro_qrcode">>, <<"F424A2C71C0A1A471B5669516A3E9E823E3F27E4468D4A9F89C18D9DA42E1622">>},
 {<<"nitrogen_core">>, <<"ED3C5A6D4E539DD0950EA150F4E4DAA3ACAA05F1EAF77831CB355A7BFF96B1BE">>},
 {<<"nprocreg">>, <<"A06EEBA26CC8FBB066537CBB57B89E8C8121B75B0F5F5FB8FD14FE68ADF650D3">>},
 {<<"qdate">>, <<"6FE5C29AE46B42B9F8915AC965AFEE1A12DAE81DE6C44417506AD25EB875130D">>},
 {<<"qdate_localtime">>, <<"72E1034DC6B7FEE8F588281EDDD0BD0DC5260005D758052F50634D265D382C18">>},
 {<<"ranch">>, <<"8C7A100A139FD57F17327B6413E4167AC559FBC04CA7448E9BE9057311597A1D">>},
 {<<"rebar3_dirs">>, <<"2CE245B69309A43FCFCC902B739F678257F1AB7A78BD6CFA923BB652C316D879">>},
 {<<"rekt">>, <<"00974FD28C4532017332769CE48C57F62FD7A61EA61EFFD862A920898CA7228E">>},
 {<<"simple_bridge">>, <<"ED89F733ADB415069940A12F5EABC45E7363E9C3C4A88B8324072C2F750E29D1">>},
 {<<"sync">>, <<"537C9A217015D95632C2F4D14D07FFE3ACAE4E8981CDFC1EF59F328EC004C6A2">>}]},
{pkg_hash_ext,[
 {<<"canister">>, <<"396A66AA3586C37D5CA93BE97D3FC1EEC7FA454B9324B70467F68C152A9A4164">>},
 {<<"cf">>, <<"315E8D447D3A4B02BCDBFA397AD03BBB988A6E0AA6F44D3ADD0F4E3C3BF97672">>},
 {<<"cowboy">>, <<"3AFDCCB7183CC6F143CB14D3CF51FA00E53DB9EC80CDCD525482F5E99BC41D6B">>},
 {<<"cowlib">>, <<"163B73F6367A7341B33C794C4E88E7DBFE6498AC42DCD69EF44C5BC5507C8DB0">>},
 {<<"erlang_ds">>, <<"727CE7FE6CB1C9C02E05E9F8905C566ABDB519AB196E96BF9C192148ACCDA266">>},
 {<<"erlware_commons">>, <<"B57C299C39A2992A8C413F9D2C1B8A20061310FB4432B0EEE5E4C4DF7AAA0AA3">>},
 {<<"fs">>, <<"EF94E95FFE79916860649FED80AC62B04C322B0BB70F5128144C026B4D171F8B">>},
 {<<"meck">>, <<"81344F561357DC40A8344AFA53767C32669153355B626EA9FCBC8DA6B3045826">>},
 {<<"mutagen">>, <<"59F25DF87A6F99B605A96F2338983631A8186B5B28988739D6B880C2D86DF72E">>},
 {<<"nitro_cache">>, <<"9AC03DFEA58CC9C6B329A6E42B3A64663D2A23D1B8E227B557E0CE1EDF872E7F">>},
 {<<"nitro_qrcode">>, <<"A74A54CE129E2EAC6E00864865C5122E5B75FEF30C9F916C7772F1AA22436C59">>},
 {<<"nitrogen_core">>, <<"5860C59E606E7AEFDE21C3BC538699BE1940328D7E0469FBAAF13754E85AF7F3">>},
 {<<"nprocreg">>, <<"5867CA211A24577BA273B41C9B43A48697F6B0DE9DDE56F73CA9205C775F9AB0">>},
 {<<"qdate">>, <<"244D906D1C2777ECB6EA19F60EE8A7451628E0C9AC47A09A5F64493E2C3C7BC4">>},
 {<<"qdate_localtime">>, <<"1109958D205C65C595C8C5694CB83EBAF2DBE770CF902E4DCE8AFB2C4123764D">>},
 {<<"ranch">>, <<"49FBCFD3682FAB1F5D109351B61257676DA1A2FDBE295904176D5E521A2DDFE5">>},
 {<<"rebar3_dirs">>, <<"1B9FFAC770AF4CF77945ED4DAD22FF30BD999514765B5CCA11C7E5580CDB6720">>},
 {<<"rekt">>, <<"E9FF5EF2D465A1839DA2E8C0F51B3FF609B29713A9091385C8724902B4E3EC5F">>},
 {<<"simple_bridge">>, <<"ABFEF582887BCC5FFF1A879A584DEE38D1098DF5B082F4058C73D5AA9CBC60E3">>},
 {<<"sync">>, <<"C05941E29B6CAF9FE9FCAB043A90F438D0BD0F479AB4F5E129F2F0719C304648">>}]}
].
